
Microsoft Visual Studio Solution File, Format Version 12.00
# Visual Studio Version 17
VisualStudioVersion = 17.6.33829.357
MinimumVisualStudioVersion = 10.0.40219.1
Project("{FAE04EC0-301F-11D3-BF4B-00C04F79EFBC}") = "NZWalks.API", "NZWalks.API\NZWalks.API.csproj", "{11E21F24-CF22-4C7A-B974-8985E87E14C1}"
EndProject
Global
	GlobalSection(SolutionConfigurationPlatforms) = preSolution
		Debug|Any CPU = Debug|Any CPU
		Release|Any CPU = Release|Any CPU
	EndGlobalSection
	GlobalSection(ProjectConfigurationPlatforms) = postSolution
		{11E21F24-CF22-4C7A-B974-8985E87E14C1}.Debug|Any CPU.ActiveCfg = Debug|Any CPU
		{11E21F24-CF22-4C7A-B974-8985E87E14C1}.Debug|Any CPU.Build.0 = Debug|Any CPU
		{11E21F24-CF22-4C7A-B974-8985E87E14C1}.Release|Any CPU.ActiveCfg = Release|Any CPU
		{11E21F24-CF22-4C7A-B974-8985E87E14C1}.Release|Any CPU.Build.0 = Release|Any CPU
	EndGlobalSection
	GlobalSection(SolutionProperties) = preSolution
		HideSolutionNode = FALSE
	EndGlobalSection
	GlobalSection(ExtensibilityGlobals) = postSolution
		SolutionGuid = {30ED69D8-6736-4234-B6B7-60CC50723C18}
	EndGlobalSection
EndGlobal
